
Microsoft Visual Studio Solution File, Format Version 12.00
# Visual Studio Version 16
VisualStudioVersion = 16.0.29709.97
MinimumVisualStudioVersion = 10.0.40219.1
Project("{FAE04EC0-301F-11D3-BF4B-00C04F79EFBC}") = "AVLTreeADD", "AVLTreeNode\AVLTreeADD.csproj", "{3C24CEFA-E354-45C2-A511-4DF8EF72F95C}"
EndProject
Global
	GlobalSection(SolutionConfigurationPlatforms) = preSolution
		Debug|Any CPU = Debug|Any CPU
		Release|Any CPU = Release|Any CPU
	EndGlobalSection
	GlobalSection(ProjectConfigurationPlatforms) = postSolution
		{3C24CEFA-E354-45C2-A511-4DF8EF72F95C}.Debug|Any CPU.ActiveCfg = Debug|Any CPU
		{3C24CEFA-E354-45C2-A511-4DF8EF72F95C}.Debug|Any CPU.Build.0 = Debug|Any CPU
		{3C24CEFA-E354-45C2-A511-4DF8EF72F95C}.Release|Any CPU.ActiveCfg = Release|Any CPU
		{3C24CEFA-E354-45C2-A511-4DF8EF72F95C}.Release|Any CPU.Build.0 = Release|Any CPU
	EndGlobalSection
	GlobalSection(SolutionProperties) = preSolution
		HideSolutionNode = FALSE
	EndGlobalSection
	GlobalSection(ExtensibilityGlobals) = postSolution
		SolutionGuid = {AF6EB51A-BEA0-43FA-8847-2F450A1A0423}
	EndGlobalSection
EndGlobal
